
Microsoft Visual Studio Solution File, Format Version 12.00
# Visual Studio Version 17
VisualStudioVersion = 17.9.34622.214
MinimumVisualStudioVersion = 10.0.40219.1
Project("{FAE04EC0-301F-11D3-BF4B-00C04F79EFBC}") = "PRELIM_E3_RodrinJohnPaul_BSIT32E1", "PRELIM_E3_RodrinJohnPaul_BSIT32E1\PRELIM_E3_RodrinJohnPaul_BSIT32E1.csproj", "{CE8BFBFB-F21E-441F-9BE5-627E46F8B7C7}"
EndProject
Global
	GlobalSection(SolutionConfigurationPlatforms) = preSolution
		Debug|Any CPU = Debug|Any CPU
		Release|Any CPU = Release|Any CPU
	EndGlobalSection
	GlobalSection(ProjectConfigurationPlatforms) = postSolution
		{CE8BFBFB-F21E-441F-9BE5-627E46F8B7C7}.Debug|Any CPU.ActiveCfg = Debug|Any CPU
		{CE8BFBFB-F21E-441F-9BE5-627E46F8B7C7}.Debug|Any CPU.Build.0 = Debug|Any CPU
		{CE8BFBFB-F21E-441F-9BE5-627E46F8B7C7}.Release|Any CPU.ActiveCfg = Release|Any CPU
		{CE8BFBFB-F21E-441F-9BE5-627E46F8B7C7}.Release|Any CPU.Build.0 = Release|Any CPU
	EndGlobalSection
	GlobalSection(SolutionProperties) = preSolution
		HideSolutionNode = FALSE
	EndGlobalSection
	GlobalSection(ExtensibilityGlobals) = postSolution
		SolutionGuid = {CB44E012-4958-4DE6-B924-666ABABFF908}
	EndGlobalSection
EndGlobal
